{
  "requires": true,
  "lockfileVersion": 1,
  "dependencies": {
    "@angular/core": {
      "version": "12.1.0",
      "resolved": "https://registry.npmjs.org/@angular/core/-/core-12.1.0.tgz",
      "integrity": "sha512-awrCla6j4U0CU86q8nwR49GiULo3XhMcgooPgRBMjN1aHTDXKacSC9hk2nXkipC9VjuhybUVswuW4/et6d4RZQ==",
      "requires": {
        "tslib": "^2.2.0"
      }
    },
    "@angular/platform-browser": {
      "version": "12.1.0",
      "resolved": "https://registry.npmjs.org/@angular/platform-browser/-/platform-browser-12.1.0.tgz",
      "integrity": "sha512-YOUfafuvovy7rfrrUxWRvVbsgauH34UHsPfAfeugO2dWbI39UNkyY1PxXGaoa1WvA7Gb+arm6FeKjjy3vJmIBw==",
      "requires": {
        "tslib": "^2.2.0"
      }
    },
    "@angular/router": {
      "version": "12.1.0",
      "resolved": "https://registry.npmjs.org/@angular/router/-/router-12.1.0.tgz",
      "integrity": "sha512-m9Dk8HPv4nhnezrZSlQrByHE/Vr3dIIq3YzgKJOAoQxy4NkM4TlOAl1Q28hUsMmEiLbfpzVyKps636kT8LStkA==",
      "requires": {
        "tslib": "^2.2.0"
      }
    },
    "tslib": {
      "version": "2.3.0",
      "resolved": "https://registry.npmjs.org/tslib/-/tslib-2.3.0.tgz",
      "integrity": "sha512-N82ooyxVNm6h1riLCoyS9e3fuJ3AMG2zIZs2Gd1ATcSFjSA23Q0fzjjZeh0jbJvWVDZ0cJT8yaNNaaXHzueNjg=="
    }
  }
}
